
Microsoft Visual Studio Solution File, Format Version 12.00
# Visual Studio Version 17
VisualStudioVersion = 17.0.31903.59
MinimumVisualStudioVersion = 10.0.40219.1
Project("{FAE04EC0-301F-11D3-BF4B-00C04F79EFBC}") = "Banking", "Banking\Banking.csproj", "{32684BFE-24D9-4630-9395-936789A9CFA2}"
EndProject
Project("{FAE04EC0-301F-11D3-BF4B-00C04F79EFBC}") = "HDFCapp", "HDFCapp\HDFCapp.csproj", "{40CE5EE8-0CB0-4E2B-8458-15F1E5A4F86F}"
EndProject
Global
	GlobalSection(SolutionConfigurationPlatforms) = preSolution
		Debug|Any CPU = Debug|Any CPU
		Release|Any CPU = Release|Any CPU
	EndGlobalSection
	GlobalSection(SolutionProperties) = preSolution
		HideSolutionNode = FALSE
	EndGlobalSection
	GlobalSection(ProjectConfigurationPlatforms) = postSolution
		{32684BFE-24D9-4630-9395-936789A9CFA2}.Debug|Any CPU.ActiveCfg = Debug|Any CPU
		{32684BFE-24D9-4630-9395-936789A9CFA2}.Debug|Any CPU.Build.0 = Debug|Any CPU
		{32684BFE-24D9-4630-9395-936789A9CFA2}.Release|Any CPU.ActiveCfg = Release|Any CPU
		{32684BFE-24D9-4630-9395-936789A9CFA2}.Release|Any CPU.Build.0 = Release|Any CPU
		{40CE5EE8-0CB0-4E2B-8458-15F1E5A4F86F}.Debug|Any CPU.ActiveCfg = Debug|Any CPU
		{40CE5EE8-0CB0-4E2B-8458-15F1E5A4F86F}.Debug|Any CPU.Build.0 = Debug|Any CPU
		{40CE5EE8-0CB0-4E2B-8458-15F1E5A4F86F}.Release|Any CPU.ActiveCfg = Release|Any CPU
		{40CE5EE8-0CB0-4E2B-8458-15F1E5A4F86F}.Release|Any CPU.Build.0 = Release|Any CPU
	EndGlobalSection
EndGlobal
